# This file is automatically @generated by Poetry 1.5.1 and should not be changed by hand.

[[package]]
name = "crossplane"
version = "0.5.8"
description = "Reliable and fast NGINX configuration file parser."
optional = false
python-versions = "*"
files = [
    {file = "crossplane-0.5.8-py2.py3-none-any.whl", hash = "sha256:ede8e83c9e3a58dfc37c69f5ee065d4b3adc44ae42749ced496962a0e7f545b7"},
    {file = "crossplane-0.5.8.tar.gz", hash = "sha256:b193bd8b963a041d5414ea18dcbb1c55b5424fee3d73bfa1809124605b322101"},
]

[metadata]
lock-version = "2.0"
python-versions = "^3.10"
content-hash = "0a0994988fe1ab4e9c72dd06a1b1bdeded13fde722e25327800f2adc964d4424"
